
Microsoft Visual Studio Solution File, Format Version 12.00
# Visual Studio Version 17
VisualStudioVersion = 17.12.35506.116
MinimumVisualStudioVersion = 10.0.40219.1
Project("{2150E333-8FDC-42A3-9474-1A3956D46DE8}") = "Services", "Services", "{C53DB454-AF34-4CAF-8373-60CD849BE4AF}"
EndProject
Project("{2150E333-8FDC-42A3-9474-1A3956D46DE8}") = "Catalog", "Catalog", "{1F64E9A1-0885-4CDD-BD79-8EAA7D266EEF}"
EndProject
Project("{FAE04EC0-301F-11D3-BF4B-00C04F79EFBC}") = "ShoppingCart.Catalog", "Services\Catalog\ShoppingCart.Catalog\ShoppingCart.Catalog.csproj", "{B326299A-E3CD-4576-84EB-D7392405BDF3}"
EndProject
Project("{2150E333-8FDC-42A3-9474-1A3956D46DE8}") = "Discount", "Discount", "{A57101E6-5F21-4D39-AA87-21F9FB4CEF68}"
EndProject
Project("{FAE04EC0-301F-11D3-BF4B-00C04F79EFBC}") = "ShoppingCart.Discount", "Services\Discount\ShoppingCart.Discount\ShoppingCart.Discount.csproj", "{B4781355-768B-491B-A767-4FBAAF8FD06A}"
EndProject
Project("{2150E333-8FDC-42A3-9474-1A3956D46DE8}") = "Order", "Order", "{177AA212-6AD8-487A-AE33-10A63FE25561}"
EndProject
Project("{2150E333-8FDC-42A3-9474-1A3956D46DE8}") = "Infrastructure", "Infrastructure", "{B41B6CB7-CFB8-45C8-B12A-26751DC603E0}"
EndProject
Project("{2150E333-8FDC-42A3-9474-1A3956D46DE8}") = "Presentation", "Presentation", "{65ACE650-612E-42D7-9864-AA1A3058FC1B}"
EndProject
Project("{2150E333-8FDC-42A3-9474-1A3956D46DE8}") = "Core", "Core", "{41BEC95F-B0E2-4D32-9419-52F16574B96E}"
EndProject
Project("{FAE04EC0-301F-11D3-BF4B-00C04F79EFBC}") = "ShoppingCart.Order.Domain", "Services\Order\Core\ShoppingCart.Order.Domain\ShoppingCart.Order.Domain.csproj", "{8C0CA07E-EDF9-4801-AFFD-A58ED9F58B9B}"
EndProject
Project("{FAE04EC0-301F-11D3-BF4B-00C04F79EFBC}") = "ShoppingCart.Order.Application", "Services\Order\Core\ShoppingCart.Order.Application\ShoppingCart.Order.Application.csproj", "{0B47F91C-EA5E-4AE0-8918-F7A314F45DBF}"
EndProject
Project("{FAE04EC0-301F-11D3-BF4B-00C04F79EFBC}") = "ShoppingCart.Order.WebAPI", "Services\Order\Presentation\ShoppingCart.Order.WebAPI\ShoppingCart.Order.WebAPI.csproj", "{222C35DA-D161-42DD-B0A4-DDCA45654612}"
EndProject
Project("{FAE04EC0-301F-11D3-BF4B-00C04F79EFBC}") = "ShoppingCart.Order.Persistence", "Services\Order\Infrastructure\ShoppingCart.Order.Persistence\ShoppingCart.Order.Persistence.csproj", "{F42FF9BB-951F-42E1-80B0-45F9DFA57982}"
EndProject
Project("{2150E333-8FDC-42A3-9474-1A3956D46DE8}") = "IdentityServer", "IdentityServer", "{4A9CD7C7-DE52-4B4C-BB12-E3E2189FFE66}"
EndProject
Project("{FAE04EC0-301F-11D3-BF4B-00C04F79EFBC}") = "ShoppingCart.IdentityServer", "IdentityServer\ShoppingCart.IdentityServer\ShoppingCart.IdentityServer.csproj", "{C6360BE5-2104-478A-A9EE-0290F40366DB}"
EndProject
Project("{2150E333-8FDC-42A3-9474-1A3956D46DE8}") = "Cargo", "Cargo", "{5AF8E496-476F-4417-A237-80B501F90A8D}"
EndProject
Project("{FAE04EC0-301F-11D3-BF4B-00C04F79EFBC}") = "ShoppingCart.Cargo.EntityLayer", "Services\Cargo\ShoppingCart.Cargo.EntityLayer\ShoppingCart.Cargo.EntityLayer.csproj", "{CB7AB046-12F4-41F0-B750-103B77278D7D}"
EndProject
Project("{FAE04EC0-301F-11D3-BF4B-00C04F79EFBC}") = "ShoppingCart.Cargo.BusinessLayer", "Services\Cargo\ShoppingCart.Cargo.BusinessLayer\ShoppingCart.Cargo.BusinessLayer.csproj", "{42E81D37-EDC9-4BCF-B912-5DD36436C2CF}"
EndProject
Project("{FAE04EC0-301F-11D3-BF4B-00C04F79EFBC}") = "ShoppingCart.Cargo.DataAccessLayer", "Services\Cargo\ShoppingCart.Cargo.DataAccessLayer\ShoppingCart.Cargo.DataAccessLayer.csproj", "{630CAE7B-57D7-422C-B04C-F269270E363B}"
EndProject
Project("{FAE04EC0-301F-11D3-BF4B-00C04F79EFBC}") = "ShoppingCart.Cargo.DtoLayer", "Services\Cargo\ShoppingCart.Cargo.DtoLayer\ShoppingCart.Cargo.DtoLayer.csproj", "{D8692947-C346-4C41-9894-329885CE38E3}"
EndProject
Project("{FAE04EC0-301F-11D3-BF4B-00C04F79EFBC}") = "ShoppingCart.Cargo.WebAPI", "Services\Cargo\ShoppingCart.Cargo.WebAPI\ShoppingCart.Cargo.WebAPI.csproj", "{AA820240-291A-4623-87CD-DFDB13C65CAA}"
EndProject
Project("{2150E333-8FDC-42A3-9474-1A3956D46DE8}") = "Basket", "Basket", "{88E3B33D-758E-42D6-BDCB-57D99CF257B7}"
EndProject
Project("{FAE04EC0-301F-11D3-BF4B-00C04F79EFBC}") = "ShoppingCart.Basket", "Service\Basket\ShoppingCart.Basket\ShoppingCart.Basket.csproj", "{9DF6B8A3-1990-4113-8E32-A3D0B03BFF6F}"
EndProject
Global
	GlobalSection(SolutionConfigurationPlatforms) = preSolution
		Debug|Any CPU = Debug|Any CPU
		Release|Any CPU = Release|Any CPU
	EndGlobalSection
	GlobalSection(ProjectConfigurationPlatforms) = postSolution
		{B326299A-E3CD-4576-84EB-D7392405BDF3}.Debug|Any CPU.ActiveCfg = Debug|Any CPU
		{B326299A-E3CD-4576-84EB-D7392405BDF3}.Debug|Any CPU.Build.0 = Debug|Any CPU
		{B326299A-E3CD-4576-84EB-D7392405BDF3}.Release|Any CPU.ActiveCfg = Release|Any CPU
		{B326299A-E3CD-4576-84EB-D7392405BDF3}.Release|Any CPU.Build.0 = Release|Any CPU
		{B4781355-768B-491B-A767-4FBAAF8FD06A}.Debug|Any CPU.ActiveCfg = Debug|Any CPU
		{B4781355-768B-491B-A767-4FBAAF8FD06A}.Debug|Any CPU.Build.0 = Debug|Any CPU
		{B4781355-768B-491B-A767-4FBAAF8FD06A}.Release|Any CPU.ActiveCfg = Release|Any CPU
		{B4781355-768B-491B-A767-4FBAAF8FD06A}.Release|Any CPU.Build.0 = Release|Any CPU
		{8C0CA07E-EDF9-4801-AFFD-A58ED9F58B9B}.Debug|Any CPU.ActiveCfg = Debug|Any CPU
		{8C0CA07E-EDF9-4801-AFFD-A58ED9F58B9B}.Debug|Any CPU.Build.0 = Debug|Any CPU
		{8C0CA07E-EDF9-4801-AFFD-A58ED9F58B9B}.Release|Any CPU.ActiveCfg = Release|Any CPU
		{8C0CA07E-EDF9-4801-AFFD-A58ED9F58B9B}.Release|Any CPU.Build.0 = Release|Any CPU
		{0B47F91C-EA5E-4AE0-8918-F7A314F45DBF}.Debug|Any CPU.ActiveCfg = Debug|Any CPU
		{0B47F91C-EA5E-4AE0-8918-F7A314F45DBF}.Debug|Any CPU.Build.0 = Debug|Any CPU
		{0B47F91C-EA5E-4AE0-8918-F7A314F45DBF}.Release|Any CPU.ActiveCfg = Release|Any CPU
		{0B47F91C-EA5E-4AE0-8918-F7A314F45DBF}.Release|Any CPU.Build.0 = Release|Any CPU
		{222C35DA-D161-42DD-B0A4-DDCA45654612}.Debug|Any CPU.ActiveCfg = Debug|Any CPU
		{222C35DA-D161-42DD-B0A4-DDCA45654612}.Debug|Any CPU.Build.0 = Debug|Any CPU
		{222C35DA-D161-42DD-B0A4-DDCA45654612}.Release|Any CPU.ActiveCfg = Release|Any CPU
		{222C35DA-D161-42DD-B0A4-DDCA45654612}.Release|Any CPU.Build.0 = Release|Any CPU
		{F42FF9BB-951F-42E1-80B0-45F9DFA57982}.Debug|Any CPU.ActiveCfg = Debug|Any CPU
		{F42FF9BB-951F-42E1-80B0-45F9DFA57982}.Debug|Any CPU.Build.0 = Debug|Any CPU
		{F42FF9BB-951F-42E1-80B0-45F9DFA57982}.Release|Any CPU.ActiveCfg = Release|Any CPU
		{F42FF9BB-951F-42E1-80B0-45F9DFA57982}.Release|Any CPU.Build.0 = Release|Any CPU
		{C6360BE5-2104-478A-A9EE-0290F40366DB}.Debug|Any CPU.ActiveCfg = Debug|Any CPU
		{C6360BE5-2104-478A-A9EE-0290F40366DB}.Debug|Any CPU.Build.0 = Debug|Any CPU
		{C6360BE5-2104-478A-A9EE-0290F40366DB}.Release|Any CPU.ActiveCfg = Release|Any CPU
		{C6360BE5-2104-478A-A9EE-0290F40366DB}.Release|Any CPU.Build.0 = Release|Any CPU
		{CB7AB046-12F4-41F0-B750-103B77278D7D}.Debug|Any CPU.ActiveCfg = Debug|Any CPU
		{CB7AB046-12F4-41F0-B750-103B77278D7D}.Debug|Any CPU.Build.0 = Debug|Any CPU
		{CB7AB046-12F4-41F0-B750-103B77278D7D}.Release|Any CPU.ActiveCfg = Release|Any CPU
		{CB7AB046-12F4-41F0-B750-103B77278D7D}.Release|Any CPU.Build.0 = Release|Any CPU
		{42E81D37-EDC9-4BCF-B912-5DD36436C2CF}.Debug|Any CPU.ActiveCfg = Debug|Any CPU
		{42E81D37-EDC9-4BCF-B912-5DD36436C2CF}.Debug|Any CPU.Build.0 = Debug|Any CPU
		{42E81D37-EDC9-4BCF-B912-5DD36436C2CF}.Release|Any CPU.ActiveCfg = Release|Any CPU
		{42E81D37-EDC9-4BCF-B912-5DD36436C2CF}.Release|Any CPU.Build.0 = Release|Any CPU
		{630CAE7B-57D7-422C-B04C-F269270E363B}.Debug|Any CPU.ActiveCfg = Debug|Any CPU
		{630CAE7B-57D7-422C-B04C-F269270E363B}.Debug|Any CPU.Build.0 = Debug|Any CPU
		{630CAE7B-57D7-422C-B04C-F269270E363B}.Release|Any CPU.ActiveCfg = Release|Any CPU
		{630CAE7B-57D7-422C-B04C-F269270E363B}.Release|Any CPU.Build.0 = Release|Any CPU
		{D8692947-C346-4C41-9894-329885CE38E3}.Debug|Any CPU.ActiveCfg = Debug|Any CPU
		{D8692947-C346-4C41-9894-329885CE38E3}.Debug|Any CPU.Build.0 = Debug|Any CPU
		{D8692947-C346-4C41-9894-329885CE38E3}.Release|Any CPU.ActiveCfg = Release|Any CPU
		{D8692947-C346-4C41-9894-329885CE38E3}.Release|Any CPU.Build.0 = Release|Any CPU
		{AA820240-291A-4623-87CD-DFDB13C65CAA}.Debug|Any CPU.ActiveCfg = Debug|Any CPU
		{AA820240-291A-4623-87CD-DFDB13C65CAA}.Debug|Any CPU.Build.0 = Debug|Any CPU
		{AA820240-291A-4623-87CD-DFDB13C65CAA}.Release|Any CPU.ActiveCfg = Release|Any CPU
		{AA820240-291A-4623-87CD-DFDB13C65CAA}.Release|Any CPU.Build.0 = Release|Any CPU
		{9DF6B8A3-1990-4113-8E32-A3D0B03BFF6F}.Debug|Any CPU.ActiveCfg = Debug|Any CPU
		{9DF6B8A3-1990-4113-8E32-A3D0B03BFF6F}.Debug|Any CPU.Build.0 = Debug|Any CPU
		{9DF6B8A3-1990-4113-8E32-A3D0B03BFF6F}.Release|Any CPU.ActiveCfg = Release|Any CPU
		{9DF6B8A3-1990-4113-8E32-A3D0B03BFF6F}.Release|Any CPU.Build.0 = Release|Any CPU
	EndGlobalSection
	GlobalSection(SolutionProperties) = preSolution
		HideSolutionNode = FALSE
	EndGlobalSection
	GlobalSection(NestedProjects) = preSolution
		{1F64E9A1-0885-4CDD-BD79-8EAA7D266EEF} = {C53DB454-AF34-4CAF-8373-60CD849BE4AF}
		{B326299A-E3CD-4576-84EB-D7392405BDF3} = {1F64E9A1-0885-4CDD-BD79-8EAA7D266EEF}
		{A57101E6-5F21-4D39-AA87-21F9FB4CEF68} = {C53DB454-AF34-4CAF-8373-60CD849BE4AF}
		{B4781355-768B-491B-A767-4FBAAF8FD06A} = {A57101E6-5F21-4D39-AA87-21F9FB4CEF68}
		{177AA212-6AD8-487A-AE33-10A63FE25561} = {C53DB454-AF34-4CAF-8373-60CD849BE4AF}
		{B41B6CB7-CFB8-45C8-B12A-26751DC603E0} = {177AA212-6AD8-487A-AE33-10A63FE25561}
		{65ACE650-612E-42D7-9864-AA1A3058FC1B} = {177AA212-6AD8-487A-AE33-10A63FE25561}
		{41BEC95F-B0E2-4D32-9419-52F16574B96E} = {177AA212-6AD8-487A-AE33-10A63FE25561}
		{8C0CA07E-EDF9-4801-AFFD-A58ED9F58B9B} = {41BEC95F-B0E2-4D32-9419-52F16574B96E}
		{0B47F91C-EA5E-4AE0-8918-F7A314F45DBF} = {41BEC95F-B0E2-4D32-9419-52F16574B96E}
		{222C35DA-D161-42DD-B0A4-DDCA45654612} = {65ACE650-612E-42D7-9864-AA1A3058FC1B}
		{F42FF9BB-951F-42E1-80B0-45F9DFA57982} = {B41B6CB7-CFB8-45C8-B12A-26751DC603E0}
		{C6360BE5-2104-478A-A9EE-0290F40366DB} = {4A9CD7C7-DE52-4B4C-BB12-E3E2189FFE66}
		{5AF8E496-476F-4417-A237-80B501F90A8D} = {C53DB454-AF34-4CAF-8373-60CD849BE4AF}
		{CB7AB046-12F4-41F0-B750-103B77278D7D} = {5AF8E496-476F-4417-A237-80B501F90A8D}
		{42E81D37-EDC9-4BCF-B912-5DD36436C2CF} = {5AF8E496-476F-4417-A237-80B501F90A8D}
		{630CAE7B-57D7-422C-B04C-F269270E363B} = {5AF8E496-476F-4417-A237-80B501F90A8D}
		{D8692947-C346-4C41-9894-329885CE38E3} = {5AF8E496-476F-4417-A237-80B501F90A8D}
		{AA820240-291A-4623-87CD-DFDB13C65CAA} = {5AF8E496-476F-4417-A237-80B501F90A8D}
		{88E3B33D-758E-42D6-BDCB-57D99CF257B7} = {C53DB454-AF34-4CAF-8373-60CD849BE4AF}
		{9DF6B8A3-1990-4113-8E32-A3D0B03BFF6F} = {88E3B33D-758E-42D6-BDCB-57D99CF257B7}
	EndGlobalSection
EndGlobal
